PODS:
  - EiteiPLR (3.6.0):
    - SnapKit (~> 5.7.0)
  - SnapKit (5.7.1)

DEPENDENCIES:
  - EiteiPLR (from `../`)

SPEC REPOS:
  trunk:
    - SnapKit

EXTERNAL SOURCES:
  EiteiPLR:
    :path: "../"

SPEC CHECKSUMS:
  EiteiPLR: 26baddaff87c419845de698d80261b69d6e7eb6d
  SnapKit: d612e99e678a2d3b95bf60b0705ed0a35c03484a

PODFILE CHECKSUM: 41aaa05326f64b9d3ea6de1de0309e5102f0ce6f

COCOAPODS: 1.15.2
